
Microsoft Visual Studio Solution File, Format Version 12.00
# Visual Studio 15
VisualStudioVersion = 15.0.28307.421
MinimumVisualStudioVersion = 10.0.40219.1
Project("{FAE04EC0-301F-11D3-BF4B-00C04F79EFBC}") = "rest-sample", "rest-sample\rest-sample.csproj", "{8A3A78F7-F7C4-462D-8320-ADFBE6575569}"
EndProject
Global
	GlobalSection(SolutionConfigurationPlatforms) = preSolution
		Debug|Any CPU = Debug|Any CPU
		Release|Any CPU = Release|Any CPU
	EndGlobalSection
	GlobalSection(ProjectConfigurationPlatforms) = postSolution
		{8A3A78F7-F7C4-462D-8320-ADFBE6575569}.Debug|Any CPU.ActiveCfg = Debug|Any CPU
		{8A3A78F7-F7C4-462D-8320-ADFBE6575569}.Debug|Any CPU.Build.0 = Debug|Any CPU
		{8A3A78F7-F7C4-462D-8320-ADFBE6575569}.Release|Any CPU.ActiveCfg = Release|Any CPU
		{8A3A78F7-F7C4-462D-8320-ADFBE6575569}.Release|Any CPU.Build.0 = Release|Any CPU
	EndGlobalSection
	GlobalSection(SolutionProperties) = preSolution
		HideSolutionNode = FALSE
	EndGlobalSection
	GlobalSection(ExtensibilityGlobals) = postSolution
		SolutionGuid = {EF873048-74A1-40A6-B6D4-4E06BF406F37}
	EndGlobalSection
EndGlobal
